
Microsoft Visual Studio Solution File, Format Version 12.00
# Visual Studio Version 17
VisualStudioVersion = 17.9.34607.119
MinimumVisualStudioVersion = 10.0.40219.1
Project("{FAE04EC0-301F-11D3-BF4B-00C04F79EFBC}") = "LottieAnimationsMaui", "LottieAnimationsMaui\LottieAnimationsMaui.csproj", "{05CDF8CF-3F9A-446D-99D7-33D16A5B1F1D}"
EndProject
Global
	GlobalSection(SolutionConfigurationPlatforms) = preSolution
		Debug|Any CPU = Debug|Any CPU
		Release|Any CPU = Release|Any CPU
	EndGlobalSection
	GlobalSection(ProjectConfigurationPlatforms) = postSolution
		{05CDF8CF-3F9A-446D-99D7-33D16A5B1F1D}.Debug|Any CPU.ActiveCfg = Debug|Any CPU
		{05CDF8CF-3F9A-446D-99D7-33D16A5B1F1D}.Debug|Any CPU.Build.0 = Debug|Any CPU
		{05CDF8CF-3F9A-446D-99D7-33D16A5B1F1D}.Debug|Any CPU.Deploy.0 = Debug|Any CPU
		{05CDF8CF-3F9A-446D-99D7-33D16A5B1F1D}.Release|Any CPU.ActiveCfg = Release|Any CPU
		{05CDF8CF-3F9A-446D-99D7-33D16A5B1F1D}.Release|Any CPU.Build.0 = Release|Any CPU
		{05CDF8CF-3F9A-446D-99D7-33D16A5B1F1D}.Release|Any CPU.Deploy.0 = Release|Any CPU
	EndGlobalSection
	GlobalSection(SolutionProperties) = preSolution
		HideSolutionNode = FALSE
	EndGlobalSection
	GlobalSection(ExtensibilityGlobals) = postSolution
		SolutionGuid = {E98CD831-0F7D-4DB5-9AF5-D8B7E82F3C61}
	EndGlobalSection
EndGlobal
